
Microsoft Visual Studio Solution File, Format Version 12.00
# Visual Studio Version 17
VisualStudioVersion = 17.5.33424.131
MinimumVisualStudioVersion = 10.0.40219.1
Project("{FAE04EC0-301F-11D3-BF4B-00C04F79EFBC}") = "ShoppingList", "ShoppingList.csproj", "{175C5A6A-0831-4B3A-B31D-9A2772562889}"
EndProject
Global
	GlobalSection(SolutionConfigurationPlatforms) = preSolution
		Debug|Any CPU = Debug|Any CPU
		Release|Any CPU = Release|Any CPU
	EndGlobalSection
	GlobalSection(ProjectConfigurationPlatforms) = postSolution
		{175C5A6A-0831-4B3A-B31D-9A2772562889}.Debug|Any CPU.ActiveCfg = Debug|Any CPU
		{175C5A6A-0831-4B3A-B31D-9A2772562889}.Debug|Any CPU.Build.0 = Debug|Any CPU
		{175C5A6A-0831-4B3A-B31D-9A2772562889}.Release|Any CPU.ActiveCfg = Release|Any CPU
		{175C5A6A-0831-4B3A-B31D-9A2772562889}.Release|Any CPU.Build.0 = Release|Any CPU
	EndGlobalSection
	GlobalSection(SolutionProperties) = preSolution
		HideSolutionNode = FALSE
	EndGlobalSection
	GlobalSection(ExtensibilityGlobals) = postSolution
		SolutionGuid = {A2CC7E06-82D9-48D3-8D40-6F179F82BD63}
	EndGlobalSection
EndGlobal
